// !$*UTF8*$!
{
	archiveVersion = 1;
	classes = {
	};
	objectVersion = 50;
	objects = {

/* Begin PBXBuildFile section */
		2C17062023060D030032D626 /* libStaticLib.a in Frameworks */ = {isa = PBXBuildFile; fileRef = 2C3CFA7C23060CC7002FAC9C /* libStaticLib.a */; };
		2C3CFA4E23060C7A002FAC9C /* AppDelegate.swift in Sources */ = {isa = PBXBuildFile; fileRef = 2C3CFA4D23060C7A002FAC9C /* AppDelegate.swift */; };
		2C3CFA5023060C7A002FAC9C /* SceneDelegate.swift in Sources */ = {isa = PBXBuildFile; fileRef = 2C3CFA4F23060C7A002FAC9C /* SceneDelegate.swift */; };
		2C3CFA5223060C7A002FAC9C /* ViewController.swift in Sources */ = {isa = PBXBuildFile; fileRef = 2C3CFA5123060C7A002FAC9C /* ViewController.swift */; };
		2C3CFA5523060C7A002FAC9C /* Main.storyboard in Resources */ = {isa = PBXBuildFile; fileRef = 2C3CFA5323060C7A002FAC9C /* Main.storyboard */; };
		2C3CFA5723060C7B002FAC9C /* Assets.xcassets in Resources */ = {isa = PBXBuildFile; fileRef = 2C3CFA5623060C7B002FAC9C /* Assets.xcassets */; };
		2C3CFA5A23060C7B002FAC9C /* LaunchScreen.storyboard in Resources */ = {isa = PBXBuildFile; fileRef = 2C3CFA5823060C7B002FAC9C /* LaunchScreen.storyboard */; };
/* End PBXBuildFile section */

/* Begin PBXContainerItemProxy section */
		2C3CFA7B23060CC7002FAC9C /* PBXContainerItemProxy */ = {
			isa = PBXContainerItemProxy;
			containerPortal = 2C3CFA7723060CC7002FAC9C /* StaticLib.xcodeproj */;
			proxyType = 2;
			remoteGlobalIDString = 2C3CFA6A23060C8A002FAC9C;
			remoteInfo = StaticLib;
		};
/* End PBXContainerItemProxy section */

/* Begin PBXFileReference section */
		2C3CFA4A23060C7A002FAC9C /* App.app */ = {isa = PBXFileReference; explicitFileType = wrapper.application; includeInIndex = 0; path = App.app; sourceTree = BUILT_PRODUCTS_DIR; };
		2C3CFA4D23060C7A002FAC9C /* AppDelegate.swift */ = {isa = PBXFileReference; lastKnownFileType = sourcecode.swift; path = AppDelegate.swift; sourceTree = "<group>"; };
		2C3CFA4F23060C7A002FAC9C /* SceneDelegate.swift */ = {isa = PBXFileReference; lastKnownFileType = sourcecode.swift; path = SceneDelegate.swift; sourceTree = "<group>"; };
		2C3CFA5123060C7A002FAC9C /* ViewController.swift */ = {isa = PBXFileReference; lastKnownFileType = sourcecode.swift; path = ViewController.swift; sourceTree = "<group>"; };
		2C3CFA5423060C7A002FAC9C /* Base */ = {isa = PBXFileReference; lastKnownFileType = file.storyboard; name = Base; path = Base.lproj/Main.storyboard; sourceTree = "<group>"; };
		2C3CFA5623060C7B002FAC9C /* Assets.xcassets */ = {isa = PBXFileReference; lastKnownFileType = folder.assetcatalog; path = Assets.xcassets; sourceTree = "<group>"; };
		2C3CFA5923060C7B002FAC9C /* Base */ = {isa = PBXFileReference; lastKnownFileType = file.storyboard; name = Base; path = Base.lproj/LaunchScreen.storyboard; sourceTree = "<group>"; };
		2C3CFA5B23060C7B002FAC9C /* Info.plist */ = {isa = PBXFileReference; lastKnownFileType = text.plist.xml; path = Info.plist; sourceTree = "<group>"; };
		2C3CFA7723060CC7002FAC9C /* StaticLib.xcodeproj */ = {isa = PBXFileReference; lastKnownFileType = "wrapper.pb-project"; name = StaticLib.xcodeproj; path = ../../StaticLib/StaticLib.xcodeproj; sourceTree = "<group>"; };
/* End PBXFileReference section */

/* Begin PBXFrameworksBuildPhase section */
		2C3CFA4723060C7A002FAC9C /* Frameworks */ = {
			isa = PBXFrameworksBuildPhase;
			buildActionMask = 2147483647;
			files = (
				2C17062023060D030032D626 /* libStaticLib.a in Frameworks */,
			);
			runOnlyForDeploymentPostprocessing = 0;
		};
/* End PBXFrameworksBuildPhase section */

/* Begin PBXGroup section */
		2C17061E23060D030032D626 /* Frameworks */ = {
			isa = PBXGroup;
			children = (
			);
			name = Frameworks;
			sourceTree = "<group>";
		};
		2C3CFA4123060C7A002FAC9C = {
			isa = PBXGroup;
			children = (
				2C3CFA4C23060C7A002FAC9C /* App */,
				2C3CFA4B23060C7A002FAC9C /* Products */,
				2C17061E23060D030032D626 /* Frameworks */,
			);
			sourceTree = "<group>";
		};
		2C3CFA4B23060C7A002FAC9C /* Products */ = {
			isa = PBXGroup;
			children = (
				2C3CFA4A23060C7A002FAC9C /* App.app */,
			);
			name = Products;
			sourceTree = "<group>";
		};
		2C3CFA4C23060C7A002FAC9C /* App */ = {
			isa = PBXGroup;
			children = (
				2C3CFA7723060CC7002FAC9C /* StaticLib.xcodeproj */,
				2C3CFA4D23060C7A002FAC9C /* AppDelegate.swift */,
				2C3CFA4F23060C7A002FAC9C /* SceneDelegate.swift */,
				2C3CFA5123060C7A002FAC9C /* ViewController.swift */,
				2C3CFA5323060C7A002FAC9C /* Main.storyboard */,
				2C3CFA5623060C7B002FAC9C /* Assets.xcassets */,
				2C3CFA5823060C7B002FAC9C /* LaunchScreen.storyboard */,
				2C3CFA5B23060C7B002FAC9C /* Info.plist */,
			);
			path = App;
			sourceTree = "<group>";
		};
		2C3CFA7823060CC7002FAC9C /* Products */ = {
			isa = PBXGroup;
			children = (
				2C3CFA7C23060CC7002FAC9C /* libStaticLib.a */,
			);
			name = Products;
			sourceTree = "<group>";
		};
/* End PBXGroup section */

/* Begin PBXNativeTarget section */
		2C3CFA4923060C7A002FAC9C /* App */ = {
			isa = PBXNativeTarget;
			buildConfigurationList = 2C3CFA5E23060C7B002FAC9C /* Build configuration list for PBXNativeTarget "App" */;
			buildPhases = (
				2C3CFA4623060C7A002FAC9C /* Sources */,
				2C3CFA4723060C7A002FAC9C /* Frameworks */,
				2C3CFA4823060C7A002FAC9C /* Resources */,
			);
			buildRules = (
			);
			dependencies = (
			);
			name = App;
			productName = App;
			productReference = 2C3CFA4A23060C7A002FAC9C /* App.app */;
			productType = "com.apple.product-type.application";
		};
/* End PBXNativeTarget section */

/* Begin PBXProject section */
		2C3CFA4223060C7A002FAC9C /* Project object */ = {
			isa = PBXProject;
			attributes = {
				LastSwiftUpdateCheck = 1100;
				LastUpgradeCheck = 1100;
				ORGANIZATIONNAME = "Don't Worry";
				TargetAttributes = {
					2C3CFA4923060C7A002FAC9C = {
						CreatedOnToolsVersion = 11.0;
					};
				};
			};
			buildConfigurationList = 2C3CFA4523060C7A002FAC9C /* Build configuration list for PBXProject "App" */;
			compatibilityVersion = "Xcode 9.3";
			developmentRegion = en;
			hasScannedForEncodings = 0;
			knownRegions = (
				en,
				Base,
			);
			mainGroup = 2C3CFA4123060C7A002FAC9C;
			productRefGroup = 2C3CFA4B23060C7A002FAC9C /* Products */;
			projectDirPath = "";
			projectReferences = (
				{
					ProductGroup = 2C3CFA7823060CC7002FAC9C /* Products */;
					ProjectRef = 2C3CFA7723060CC7002FAC9C /* StaticLib.xcodeproj */;
				},
			);
			projectRoot = "";
			targets = (
				2C3CFA4923060C7A002FAC9C /* App */,
			);
		};
/* End PBXProject section */

/* Begin PBXReferenceProxy section */
		2C3CFA7C23060CC7002FAC9C /* libStaticLib.a */ = {
			isa = PBXReferenceProxy;
			fileType = archive.ar;
			path = libStaticLib.a;
			remoteRef = 2C3CFA7B23060CC7002FAC9C /* PBXContainerItemProxy */;
			sourceTree = BUILT_PRODUCTS_DIR;
		};
/* End PBXReferenceProxy section */

/* Begin PBXResourcesBuildPhase section */
		2C3CFA4823060C7A002FAC9C /* Resources */ = {
			isa = PBXResourcesBuildPhase;
			buildActionMask = 2147483647;
			files = (
				2C3CFA5A23060C7B002FAC9C /* LaunchScreen.storyboard in Resources */,
				2C3CFA5723060C7B002FAC9C /* Assets.xcassets in Resources */,
				2C3CFA5523060C7A002FAC9C /* Main.storyboard in Resources */,
			);
			runOnlyForDeploymentPostprocessing = 0;
		};
/* End PBXResourcesBuildPhase section */

/* Begin PBXSourcesBuildPhase section */
		2C3CFA4623060C7A002FAC9C /* Sources */ = {
			isa = PBXSourcesBuildPhase;
			buildActionMask = 2147483647;
			files = (
				2C3CFA5223060C7A002FAC9C /* ViewController.swift in Sources */,
				2C3CFA4E23060C7A002FAC9C /* AppDelegate.swift in Sources */,
				2C3CFA5023060C7A002FAC9C /* SceneDelegate.swift in Sources */,
			);
			runOnlyForDeploymentPostprocessing = 0;
		};
/* End PBXSourcesBuildPhase section */

/* Begin PBXVariantGroup section */
		2C3CFA5323060C7A002FAC9C /* Main.storyboard */ = {
			isa = PBXVariantGroup;
			children = (
				2C3CFA5423060C7A002FAC9C /* Base */,
			);
			name = Main.storyboard;
			sourceTree = "<group>";
		};
		2C3CFA5823060C7B002FAC9C /* LaunchScreen.storyboard */ = {
			isa = PBXVariantGroup;
			children = (
				2C3CFA5923060C7B002FAC9C /* Base */,
			);
			name = LaunchScreen.storyboard;
			sourceTree = "<group>";
		};
/* End PBXVariantGroup section */

/* Begin XCBuildConfiguration section */
		2C3CFA5C23060C7B002FAC9C /* Debug */ = {
			isa = XCBuildConfiguration;
			buildSettings = {
				ALWAYS_SEARCH_USER_PATHS = NO;
				CLANG_ANALYZER_NONNULL = YES;
				CLANG_ANALYZER_NUMBER_OBJECT_CONVERSION = YES_AGGRESSIVE;
				CLANG_CXX_LANGUAGE_STANDARD = "gnu++14";
				CLANG_CXX_LIBRARY = "libc++";
				CLANG_ENABLE_MODULES = YES;
				CLANG_ENABLE_OBJC_ARC = YES;
				CLANG_ENABLE_OBJC_WEAK = YES;
				CLANG_WARN_BLOCK_CAPTURE_AUTORELEASING = YES;
				CLANG_WARN_BOOL_CONVERSION = YES;
				CLANG_WARN_COMMA = YES;
				CLANG_WARN_CONSTANT_CONVERSION = YES;
				CLANG_WARN_DEPRECATED_OBJC_IMPLEMENTATIONS = YES;
				CLANG_WARN_DIRECT_OBJC_ISA_USAGE = YES_ERROR;
				CLANG_WARN_DOCUMENTATION_COMMENTS = YES;
				CLANG_WARN_EMPTY_BODY = YES;
				CLANG_WARN_ENUM_CONVERSION = YES;
				CLANG_WARN_INFINITE_RECURSION = YES;
				CLANG_WARN_INT_CONVERSION = YES;
				CLANG_WARN_NON_LITERAL_NULL_CONVERSION = YES;
				CLANG_WARN_OBJC_IMPLICIT_RETAIN_SELF = YES;
				CLANG_WARN_OBJC_LITERAL_CONVERSION = YES;
				CLANG_WARN_OBJC_ROOT_CLASS = YES_ERROR;
				CLANG_WARN_RANGE_LOOP_ANALYSIS = YES;
				CLANG_WARN_STRICT_PROTOTYPES = YES;
				CLANG_WARN_SUSPICIOUS_MOVE = YES;
				CLANG_WARN_UNGUARDED_AVAILABILITY = YES_AGGRESSIVE;
				CLANG_WARN_UNREACHABLE_CODE = YES;
				CLANG_WARN__DUPLICATE_METHOD_MATCH = YES;
				COPY_PHASE_STRIP = NO;
				DEBUG_INFORMATION_FORMAT = dwarf;
				ENABLE_STRICT_OBJC_MSGSEND = YES;
				ENABLE_TESTABILITY = YES;
				GCC_C_LANGUAGE_STANDARD = gnu11;
				GCC_DYNAMIC_NO_PIC = NO;
				GCC_NO_COMMON_BLOCKS = YES;
				GCC_OPTIMIZATION_LEVEL = 0;
				GCC_PREPROCESSOR_DEFINITIONS = (
					"DEBUG=1",
					"$(inherited)",
				);
				GCC_WARN_64_TO_32_BIT_CONVERSION = YES;
				GCC_WARN_ABOUT_RETURN_TYPE = YES_ERROR;
				GCC_WARN_UNDECLARED_SELECTOR = YES;
				GCC_WARN_UNINITIALIZED_AUTOS = YES_AGGRESSIVE;
				GCC_WARN_UNUSED_FUNCTION = YES;
				GCC_WARN_UNUSED_VARIABLE = YES;
				IPHONEOS_DEPLOYMENT_TARGET = 13.0;
				MTL_ENABLE_DEBUG_INFO = INCLUDE_SOURCE;
				MTL_FAST_MATH = YES;
				ONLY_ACTIVE_ARCH = YES;
				SDKROOT = iphoneos;
				SWIFT_ACTIVE_COMPILATION_CONDITIONS = DEBUG;
				SWIFT_OPTIMIZATION_LEVEL = "-Onone";
			};
			name = Debug;
		};
		2C3CFA5D23060C7B002FAC9C /* Release */ = {
			isa = XCBuildConfiguration;
			buildSettings = {
				ALWAYS_SEARCH_USER_PATHS = NO;
				CLANG_ANALYZER_NONNULL = YES;
				CLANG_ANALYZER_NUMBER_OBJECT_CONVERSION = YES_AGGRESSIVE;
				CLANG_CXX_LANGUAGE_STANDARD = "gnu++14";
				CLANG_CXX_LIBRARY = "libc++";
				CLANG_ENABLE_MODULES = YES;
				CLANG_ENABLE_OBJC_ARC = YES;
				CLANG_ENABLE_OBJC_WEAK = YES;
				CLANG_WARN_BLOCK_CAPTURE_AUTORELEASING = YES;
				CLANG_WARN_BOOL_CONVERSION = YES;
				CLANG_WARN_COMMA = YES;
				CLANG_WARN_CONSTANT_CONVERSION = YES;
				CLANG_WARN_DEPRECATED_OBJC_IMPLEMENTATIONS = YES;
				CLANG_WARN_DIRECT_OBJC_ISA_USAGE = YES_ERROR;
				CLANG_WARN_DOCUMENTATION_COMMENTS = YES;
				CLANG_WARN_EMPTY_BODY = YES;
				CLANG_WARN_ENUM_CONVERSION = YES;
				CLANG_WARN_INFINITE_RECURSION = YES;
				CLANG_WARN_INT_CONVERSION = YES;
				CLANG_WARN_NON_LITERAL_NULL_CONVERSION = YES;
				CLANG_WARN_OBJC_IMPLICIT_RETAIN_SELF = YES;
				CLANG_WARN_OBJC_LITERAL_CONVERSION = YES;
				CLANG_WARN_OBJC_ROOT_CLASS = YES_ERROR;
				CLANG_WARN_RANGE_LOOP_ANALYSIS = YES;
				CLANG_WARN_STRICT_PROTOTYPES = YES;
				CLANG_WARN_SUSPICIOUS_MOVE = YES;
				CLANG_WARN_UNGUARDED_AVAILABILITY = YES_AGGRESSIVE;
				CLANG_WARN_UNREACHABLE_CODE = YES;
				CLANG_WARN__DUPLICATE_METHOD_MATCH = YES;
				COPY_PHASE_STRIP = NO;
				DEBUG_INFORMATION_FORMAT = "dwarf-with-dsym";
				ENABLE_NS_ASSERTIONS = NO;
				ENABLE_STRICT_OBJC_MSGSEND = YES;
				GCC_C_LANGUAGE_STANDARD = gnu11;
				GCC_NO_COMMON_BLOCKS = YES;
				GCC_WARN_64_TO_32_BIT_CONVERSION = YES;
				GCC_WARN_ABOUT_RETURN_TYPE = YES_ERROR;
				GCC_WARN_UNDECLARED_SELECTOR = YES;
				GCC_WARN_UNINITIALIZED_AUTOS = YES_AGGRESSIVE;
				GCC_WARN_UNUSED_FUNCTION = YES;
				GCC_WARN_UNUSED_VARIABLE = YES;
				IPHONEOS_DEPLOYMENT_TARGET = 13.0;
				MTL_ENABLE_DEBUG_INFO = NO;
				MTL_FAST_MATH = YES;
				SDKROOT = iphoneos;
				SWIFT_COMPILATION_MODE = wholemodule;
				SWIFT_OPTIMIZATION_LEVEL = "-O";
				VALIDATE_PRODUCT = YES;
			};
			name = Release;
		};
		2C3CFA5F23060C7B002FAC9C /* Debug */ = {
			isa = XCBuildConfiguration;
			buildSettings = {
				ASSETCATALOG_COMPILER_APPICON_NAME = AppIcon;
				CODE_SIGN_STYLE = Automatic;
				INFOPLIST_FILE = App/Info.plist;
				LD_RUNPATH_SEARCH_PATHS = (
					"$(inherited)",
					"@executable_path/Frameworks",
				);
				OTHER_LDFLAGS = "-ObjC";
				PRODUCT_BUNDLE_IDENTIFIER = "About-it.App";
				PRODUCT_NAME = "$(TARGET_NAME)";
				SWIFT_VERSION = 5.0;
				TARGETED_DEVICE_FAMILY = "1,2";
			};
			name = Debug;
		};
		2C3CFA6023060C7B002FAC9C /* Release */ = {
			isa = XCBuildConfiguration;
			buildSettings = {
				ASSETCATALOG_COMPILER_APPICON_NAME = AppIcon;
				CODE_SIGN_STYLE = Automatic;
				INFOPLIST_FILE = App/Info.plist;
				LD_RUNPATH_SEARCH_PATHS = (
					"$(inherited)",
					"@executable_path/Frameworks",
				);
				OTHER_LDFLAGS = "-ObjC";
				PRODUCT_BUNDLE_IDENTIFIER = "About-it.App";
				PRODUCT_NAME = "$(TARGET_NAME)";
				SWIFT_VERSION = 5.0;
				TARGETED_DEVICE_FAMILY = "1,2";
			};
			name = Release;
		};
/* End XCBuildConfiguration section */

/* Begin XCConfigurationList section */
		2C3CFA4523060C7A002FAC9C /* Build configuration list for PBXProject "App" */ = {
			isa = XCConfigurationList;
			buildConfigurations = (
				2C3CFA5C23060C7B002FAC9C /* Debug */,
				2C3CFA5D23060C7B002FAC9C /* Release */,
			);
			defaultConfigurationIsVisible = 0;
			defaultConfigurationName = Release;
		};
		2C3CFA5E23060C7B002FAC9C /* Build configuration list for PBXNativeTarget "App" */ = {
			isa = XCConfigurationList;
			buildConfigurations = (
				2C3CFA5F23060C7B002FAC9C /* Debug */,
				2C3CFA6023060C7B002FAC9C /* Release */,
			);
			defaultConfigurationIsVisible = 0;
			defaultConfigurationName = Release;
		};
/* End XCConfigurationList section */
	};
	rootObject = 2C3CFA4223060C7A002FAC9C /* Project object */;
}
